
Microsoft Visual Studio Solution File, Format Version 12.00
# Visual Studio Version 16
VisualStudioVersion = 16.0.31112.23
MinimumVisualStudioVersion = 10.0.40219.1
Project("{9A19103F-16F7-4668-BE54-9A1E7A4F7556}") = "ProductMicroservice", "ProductMicroservice\ProductMicroservice.csproj", "{5016C32D-465F-49B0-996F-4C411A6AA56E}"
EndProject
Project("{FAE04EC0-301F-11D3-BF4B-00C04F79EFBC}") = "ProductMicroserviceTesting", "ProductMicroserviceTesting\ProductMicroserviceTesting.csproj", "{82D0A324-8A07-4B1F-9749-88A0D8B877CE}"
EndProject
Global
	GlobalSection(SolutionConfigurationPlatforms) = preSolution
		Debug|Any CPU = Debug|Any CPU
		Release|Any CPU = Release|Any CPU
	EndGlobalSection
	GlobalSection(ProjectConfigurationPlatforms) = postSolution
		{5016C32D-465F-49B0-996F-4C411A6AA56E}.Debug|Any CPU.ActiveCfg = Debug|Any CPU
		{5016C32D-465F-49B0-996F-4C411A6AA56E}.Debug|Any CPU.Build.0 = Debug|Any CPU
		{5016C32D-465F-49B0-996F-4C411A6AA56E}.Release|Any CPU.ActiveCfg = Release|Any CPU
		{5016C32D-465F-49B0-996F-4C411A6AA56E}.Release|Any CPU.Build.0 = Release|Any CPU
		{82D0A324-8A07-4B1F-9749-88A0D8B877CE}.Debug|Any CPU.ActiveCfg = Debug|Any CPU
		{82D0A324-8A07-4B1F-9749-88A0D8B877CE}.Debug|Any CPU.Build.0 = Debug|Any CPU
		{82D0A324-8A07-4B1F-9749-88A0D8B877CE}.Release|Any CPU.ActiveCfg = Release|Any CPU
		{82D0A324-8A07-4B1F-9749-88A0D8B877CE}.Release|Any CPU.Build.0 = Release|Any CPU
	EndGlobalSection
	GlobalSection(SolutionProperties) = preSolution
		HideSolutionNode = FALSE
	EndGlobalSection
	GlobalSection(ExtensibilityGlobals) = postSolution
		SolutionGuid = {AF3432E6-9B0F-45E1-B18D-D1BABF3297E1}
	EndGlobalSection
EndGlobal
